
Microsoft Visual Studio Solution File, Format Version 12.00
# Visual Studio Version 17
VisualStudioVersion = 17.10.35013.160
MinimumVisualStudioVersion = 10.0.40219.1
Project("{FAE04EC0-301F-11D3-BF4B-00C04F79EFBC}") = "lab8", "lab8\lab8.csproj", "{4F8C8C6F-2616-4C1D-A66A-AFD813B32C10}"
EndProject
Global
	GlobalSection(SolutionConfigurationPlatforms) = preSolution
		Debug|Any CPU = Debug|Any CPU
		Release|Any CPU = Release|Any CPU
	EndGlobalSection
	GlobalSection(ProjectConfigurationPlatforms) = postSolution
		{4F8C8C6F-2616-4C1D-A66A-AFD813B32C10}.Debug|Any CPU.ActiveCfg = Debug|Any CPU
		{4F8C8C6F-2616-4C1D-A66A-AFD813B32C10}.Debug|Any CPU.Build.0 = Debug|Any CPU
		{4F8C8C6F-2616-4C1D-A66A-AFD813B32C10}.Release|Any CPU.ActiveCfg = Release|Any CPU
		{4F8C8C6F-2616-4C1D-A66A-AFD813B32C10}.Release|Any CPU.Build.0 = Release|Any CPU
	EndGlobalSection
	GlobalSection(SolutionProperties) = preSolution
		HideSolutionNode = FALSE
	EndGlobalSection
	GlobalSection(ExtensibilityGlobals) = postSolution
		SolutionGuid = {9A5F91FD-F3F3-411C-A32B-E48AD89BAC47}
	EndGlobalSection
EndGlobal
